// !$*UTF8*$!
{
	archiveVersion = 1;
	classes = {
	};
	objectVersion = 56;
	objects = {

/* Begin PBXBuildFile section */
		60E2D2432BA6C553008C953A /* Example.xcframework in Frameworks */ = {isa = PBXBuildFile; fileRef = 60E2D2422BA6C553008C953A /* Example.xcframework */; };
		60E2D2472BA6C79F008C953A /* Keys.swift in Sources */ = {isa = PBXBuildFile; fileRef = 60E2D2462BA6C79F008C953A /* Keys.swift */; };
		8551A24E2BA5C62100CA5FA9 /* ExampleLib.swift in Sources */ = {isa = PBXBuildFile; fileRef = 8551A24D2BA5C62100CA5FA9 /* ExampleLib.swift */; };
		8551A2562BA5DA8A00CA5FA9 /* DelegatorService.swift in Sources */ = {isa = PBXBuildFile; fileRef = 8551A2552BA5DA8A00CA5FA9 /* DelegatorService.swift */; };
		8551A2592BA5DE7200CA5FA9 /* AsyncButton.swift in Sources */ = {isa = PBXBuildFile; fileRef = 8551A2582BA5DE7200CA5FA9 /* AsyncButton.swift */; };
		8551A25C2BA5DF6E00CA5FA9 /* ButtonKit in Frameworks */ = {isa = PBXBuildFile; productRef = 8551A25B2BA5DF6E00CA5FA9 /* ButtonKit */; };
		8551A25E2BA5E23800CA5FA9 /* BERTEmbedder.mlmodel in Sources */ = {isa = PBXBuildFile; fileRef = 8551A25D2BA5E23800CA5FA9 /* BERTEmbedder.mlmodel */; };
		8551A2602BA5E24A00CA5FA9 /* UserEmbedder.swift in Sources */ = {isa = PBXBuildFile; fileRef = 8551A25F2BA5E24A00CA5FA9 /* UserEmbedder.swift */; };
		8551A2622BA5E27200CA5FA9 /* BertTokenizer.swift in Sources */ = {isa = PBXBuildFile; fileRef = 8551A2612BA5E27200CA5FA9 /* BertTokenizer.swift */; };
		8551A2642BA5E2D000CA5FA9 /* vocab.txt in Resources */ = {isa = PBXBuildFile; fileRef = 8551A2632BA5E2D000CA5FA9 /* vocab.txt */; };
		8551A2662BA5E3B000CA5FA9 /* Utils.swift in Sources */ = {isa = PBXBuildFile; fileRef = 8551A2652BA5E3B000CA5FA9 /* Utils.swift */; };
		8551A2692BA5EF5D00CA5FA9 /* DaoAuthService.swift in Sources */ = {isa = PBXBuildFile; fileRef = 8551A2682BA5EF5D00CA5FA9 /* DaoAuthService.swift */; };
		8551A26E2BA61E9800CA5FA9 /* BlockchainService.swift in Sources */ = {isa = PBXBuildFile; fileRef = 8551A26D2BA61E9800CA5FA9 /* BlockchainService.swift */; };
		8551A2702BA6556C00CA5FA9 /* hexString.swift in Sources */ = {isa = PBXBuildFile; fileRef = 8551A26F2BA6556C00CA5FA9 /* hexString.swift */; };
		8551A2722BA65AAC00CA5FA9 /* maciABI.json in Resources */ = {isa = PBXBuildFile; fileRef = 8551A2712BA65AAC00CA5FA9 /* maciABI.json */; };
		8551A2742BA6695500CA5FA9 /* pollABI.json in Resources */ = {isa = PBXBuildFile; fileRef = 8551A2732BA6695500CA5FA9 /* pollABI.json */; };
		85F811722BA4A16A00AA07B6 /* ConfidateApp.swift in Sources */ = {isa = PBXBuildFile; fileRef = 85F811712BA4A16A00AA07B6 /* ConfidateApp.swift */; };
		85F811742BA4A16A00AA07B6 /* ContentView.swift in Sources */ = {isa = PBXBuildFile; fileRef = 85F811732BA4A16A00AA07B6 /* ContentView.swift */; };
		85F811762BA4A16A00AA07B6 /* Item.swift in Sources */ = {isa = PBXBuildFile; fileRef = 85F811752BA4A16A00AA07B6 /* Item.swift */; };
		85F811782BA4A16C00AA07B6 /* Assets.xcassets in Resources */ = {isa = PBXBuildFile; fileRef = 85F811772BA4A16C00AA07B6 /* Assets.xcassets */; };
		85F8117B2BA4A16C00AA07B6 /* Preview Assets.xcassets in Resources */ = {isa = PBXBuildFile; fileRef = 85F8117A2BA4A16C00AA07B6 /* Preview Assets.xcassets */; };
		85F811852BA4A1A100AA07B6 /* WalletService.swift in Sources */ = {isa = PBXBuildFile; fileRef = 85F811842BA4A1A100AA07B6 /* WalletService.swift */; };
		85F811872BA4A1BF00AA07B6 /* AuthView.swift in Sources */ = {isa = PBXBuildFile; fileRef = 85F811862BA4A1BF00AA07B6 /* AuthView.swift */; };
		85F8118A2BA4A2FB00AA07B6 /* Web3Modal in Frameworks */ = {isa = PBXBuildFile; productRef = 85F811892BA4A2FB00AA07B6 /* Web3Modal */; };
		85F8118C2BA4A2FB00AA07B6 /* Web3ModalUI in Frameworks */ = {isa = PBXBuildFile; productRef = 85F8118B2BA4A2FB00AA07B6 /* Web3ModalUI */; };
		85F8118F2BA4A42B00AA07B6 /* extra.swift in Sources */ = {isa = PBXBuildFile; fileRef = 85F8118E2BA4A42B00AA07B6 /* extra.swift */; };
		85F811922BA4A49D00AA07B6 /* Starscream in Frameworks */ = {isa = PBXBuildFile; productRef = 85F811912BA4A49D00AA07B6 /* Starscream */; };
		85F811952BA4A4CE00AA07B6 /* Web3 in Frameworks */ = {isa = PBXBuildFile; productRef = 85F811942BA4A4CE00AA07B6 /* Web3 */; };
		85F811972BA4A4CE00AA07B6 /* Web3ContractABI in Frameworks */ = {isa = PBXBuildFile; productRef = 85F811962BA4A4CE00AA07B6 /* Web3ContractABI */; };
		85F811992BA4A4CE00AA07B6 /* Web3PromiseKit in Frameworks */ = {isa = PBXBuildFile; productRef = 85F811982BA4A4CE00AA07B6 /* Web3PromiseKit */; };
		85F8119B2BA4AF9800AA07B6 /* AuthViewModel.swift in Sources */ = {isa = PBXBuildFile; fileRef = 85F8119A2BA4AF9800AA07B6 /* AuthViewModel.swift */; };
		85F811A12BA4BB1900AA07B6 /* MainView.swift in Sources */ = {isa = PBXBuildFile; fileRef = 85F811A02BA4BB1900AA07B6 /* MainView.swift */; };
		85F811A32BA4BB2300AA07B6 /* MainViewModel.swift in Sources */ = {isa = PBXBuildFile; fileRef = 85F811A22BA4BB2300AA07B6 /* MainViewModel.swift */; };
		85F811A52BA4BBB400AA07B6 /* DefaultSocketFactory.swift in Sources */ = {isa = PBXBuildFile; fileRef = 85F811A42BA4BBB400AA07B6 /* DefaultSocketFactory.swift */; };
		85F811A92BA4C37000AA07B6 /* DaoDetailsView.swift in Sources */ = {isa = PBXBuildFile; fileRef = 85F811A82BA4C37000AA07B6 /* DaoDetailsView.swift */; };
		85F811AB2BA4C37C00AA07B6 /* DaoDetailsViewModel.swift in Sources */ = {isa = PBXBuildFile; fileRef = 85F811AA2BA4C37C00AA07B6 /* DaoDetailsViewModel.swift */; };
		85F811AE2BA4C3B900AA07B6 /* DaoItem.swift in Sources */ = {isa = PBXBuildFile; fileRef = 85F811AD2BA4C3B900AA07B6 /* DaoItem.swift */; };
		85F811B12BA4CB7000AA07B6 /* UINavigationController+removeBackButtonTitle.swift in Sources */ = {isa = PBXBuildFile; fileRef = 85F811B02BA4CB7000AA07B6 /* UINavigationController+removeBackButtonTitle.swift */; };
		85F811B42BA4D84700AA07B6 /* ProposalView.swift in Sources */ = {isa = PBXBuildFile; fileRef = 85F811B32BA4D84700AA07B6 /* ProposalView.swift */; };
		85F811B62BA4D85100AA07B6 /* ProposalViewModel.swift in Sources */ = {isa = PBXBuildFile; fileRef = 85F811B52BA4D85100AA07B6 /* ProposalViewModel.swift */; };
		85F811B82BA4D89000AA07B6 /* Proposal.swift in Sources */ = {isa = PBXBuildFile; fileRef = 85F811B72BA4D89000AA07B6 /* Proposal.swift */; };
		85F811BA2BA4DA1700AA07B6 /* String+mocks.swift in Sources */ = {isa = PBXBuildFile; fileRef = 85F811B92BA4DA1700AA07B6 /* String+mocks.swift */; };
		85F811C12BA4E03100AA07B6 /* SkeletonUI in Frameworks */ = {isa = PBXBuildFile; productRef = 85F811C02BA4E03100AA07B6 /* SkeletonUI */; };
		85F811C32BA4E61F00AA07B6 /* View+skeletonCell.swift in Sources */ = {isa = PBXBuildFile; fileRef = 85F811C22BA4E61F00AA07B6 /* View+skeletonCell.swift */; };
		85F811C52BA4E71C00AA07B6 /* DelegatorView.swift in Sources */ = {isa = PBXBuildFile; fileRef = 85F811C42BA4E71C00AA07B6 /* DelegatorView.swift */; };
		85F811C72BA4E74900AA07B6 /* DelegatorViewModel.swift in Sources */ = {isa = PBXBuildFile; fileRef = 85F811C62BA4E74900AA07B6 /* DelegatorViewModel.swift */; };
		85F811C92BA4E86600AA07B6 /* Delegator.swift in Sources */ = {isa = PBXBuildFile; fileRef = 85F811C82BA4E86600AA07B6 /* Delegator.swift */; };
		85F811CD2BA4FA8000AA07B6 /* DaoDetails.swift in Sources */ = {isa = PBXBuildFile; fileRef = 85F811CC2BA4FA8000AA07B6 /* DaoDetails.swift */; };
		85F811CF2BA4FC5800AA07B6 /* SkeletonWrapped.swift in Sources */ = {isa = PBXBuildFile; fileRef = 85F811CE2BA4FC5800AA07B6 /* SkeletonWrapped.swift */; };
		85F811D22BA518E900AA07B6 /* RootTabView.swift in Sources */ = {isa = PBXBuildFile; fileRef = 85F811D12BA518E900AA07B6 /* RootTabView.swift */; };
		85F811D52BA5202500AA07B6 /* Apollo in Frameworks */ = {isa = PBXBuildFile; productRef = 85F811D42BA5202500AA07B6 /* Apollo */; };
		85F811D72BA5214000AA07B6 /* schema.graphqls in Resources */ = {isa = PBXBuildFile; fileRef = 85F811D62BA5214000AA07B6 /* schema.graphqls */; };
		85F811E62BA5249E00AA07B6 /* GetProposalsQuery.graphql.swift in Sources */ = {isa = PBXBuildFile; fileRef = 85F811D82BA5249E00AA07B6 /* GetProposalsQuery.graphql.swift */; };
		85F811E72BA5249E00AA07B6 /* Any.swift in Sources */ = {isa = PBXBuildFile; fileRef = 85F811DB2BA5249E00AA07B6 /* Any.swift */; };
		85F811E82BA5249E00AA07B6 /* Proposal.graphql.swift in Sources */ = {isa = PBXBuildFile; fileRef = 85F811DD2BA5249E00AA07B6 /* Proposal.graphql.swift */; };
		85F811E92BA5249E00AA07B6 /* Query.graphql.swift in Sources */ = {isa = PBXBuildFile; fileRef = 85F811DE2BA5249E00AA07B6 /* Query.graphql.swift */; };
		85F811EB2BA5249E00AA07B6 /* SchemaConfiguration.swift in Sources */ = {isa = PBXBuildFile; fileRef = 85F811E12BA5249E00AA07B6 /* SchemaConfiguration.swift */; };
		85F811EC2BA5249E00AA07B6 /* SchemaMetadata.graphql.swift in Sources */ = {isa = PBXBuildFile; fileRef = 85F811E22BA5249E00AA07B6 /* SchemaMetadata.graphql.swift */; };
		85F811ED2BA5249E00AA07B6 /* SnapshotSchema.graphql.swift in Sources */ = {isa = PBXBuildFile; fileRef = 85F811E42BA5249E00AA07B6 /* SnapshotSchema.graphql.swift */; };
		85F811EF2BA524C700AA07B6 /* ApolloService.swift in Sources */ = {isa = PBXBuildFile; fileRef = 85F811EE2BA524C700AA07B6 /* ApolloService.swift */; };
		85F811F42BA5A9A300AA07B6 /* UISegmentedControl++.swift in Sources */ = {isa = PBXBuildFile; fileRef = 85F811F32BA5A9A300AA07B6 /* UISegmentedControl++.swift */; };
		85F811F72BA5AE5F00AA07B6 /* MarkdownUI in Frameworks */ = {isa = PBXBuildFile; productRef = 85F811F62BA5AE5F00AA07B6 /* MarkdownUI */; };
/* End PBXBuildFile section */

/* Begin PBXFileReference section */
		60E2D2422BA6C553008C953A /* Example.xcframework */ = {isa = PBXFileReference; lastKnownFileType = wrapper.xcframework; name = Example.xcframework; path = "../maci-crypto-rust/Example.xcframework"; sourceTree = "<group>"; };
		60E2D2462BA6C79F008C953A /* Keys.swift */ = {isa = PBXFileReference; lastKnownFileType = sourcecode.swift; path = Keys.swift; sourceTree = "<group>"; };
		8551A24D2BA5C62100CA5FA9 /* ExampleLib.swift */ = {isa = PBXFileReference; fileEncoding = 4; lastKnownFileType = sourcecode.swift; path = ExampleLib.swift; sourceTree = "<group>"; };
		8551A2552BA5DA8A00CA5FA9 /* DelegatorService.swift */ = {isa = PBXFileReference; lastKnownFileType = sourcecode.swift; path = DelegatorService.swift; sourceTree = "<group>"; };
		8551A2582BA5DE7200CA5FA9 /* AsyncButton.swift */ = {isa = PBXFileReference; lastKnownFileType = sourcecode.swift; path = AsyncButton.swift; sourceTree = "<group>"; };
		8551A25D2BA5E23800CA5FA9 /* BERTEmbedder.mlmodel */ = {isa = PBXFileReference; lastKnownFileType = file.mlmodel; path = BERTEmbedder.mlmodel; sourceTree = "<group>"; };
		8551A25F2BA5E24A00CA5FA9 /* UserEmbedder.swift */ = {isa = PBXFileReference; lastKnownFileType = sourcecode.swift; path = UserEmbedder.swift; sourceTree = "<group>"; };
		8551A2612BA5E27200CA5FA9 /* BertTokenizer.swift */ = {isa = PBXFileReference; lastKnownFileType = sourcecode.swift; path = BertTokenizer.swift; sourceTree = "<group>"; };
		8551A2632BA5E2D000CA5FA9 /* vocab.txt */ = {isa = PBXFileReference; fileEncoding = 4; lastKnownFileType = text; path = vocab.txt; sourceTree = "<group>"; };
		8551A2652BA5E3B000CA5FA9 /* Utils.swift */ = {isa = PBXFileReference; lastKnownFileType = sourcecode.swift; path = Utils.swift; sourceTree = "<group>"; };
		8551A2682BA5EF5D00CA5FA9 /* DaoAuthService.swift */ = {isa = PBXFileReference; lastKnownFileType = sourcecode.swift; path = DaoAuthService.swift; sourceTree = "<group>"; };
		8551A26D2BA61E9800CA5FA9 /* BlockchainService.swift */ = {isa = PBXFileReference; lastKnownFileType = sourcecode.swift; path = BlockchainService.swift; sourceTree = "<group>"; };
		8551A26F2BA6556C00CA5FA9 /* hexString.swift */ = {isa = PBXFileReference; lastKnownFileType = sourcecode.swift; path = hexString.swift; sourceTree = "<group>"; };
		8551A2712BA65AAC00CA5FA9 /* maciABI.json */ = {isa = PBXFileReference; fileEncoding = 4; lastKnownFileType = text.json; path = maciABI.json; sourceTree = "<group>"; };
		8551A2732BA6695500CA5FA9 /* pollABI.json */ = {isa = PBXFileReference; fileEncoding = 4; lastKnownFileType = text.json; path = pollABI.json; sourceTree = "<group>"; };
		85F8116E2BA4A16A00AA07B6 /* Confidate App.app */ = {isa = PBXFileReference; explicitFileType = wrapper.application; includeInIndex = 0; path = "Confidate App.app"; sourceTree = BUILT_PRODUCTS_DIR; };
		85F811712BA4A16A00AA07B6 /* ConfidateApp.swift */ = {isa = PBXFileReference; lastKnownFileType = sourcecode.swift; path = ConfidateApp.swift; sourceTree = "<group>"; };
		85F811732BA4A16A00AA07B6 /* ContentView.swift */ = {isa = PBXFileReference; lastKnownFileType = sourcecode.swift; path = ContentView.swift; sourceTree = "<group>"; };
		85F811752BA4A16A00AA07B6 /* Item.swift */ = {isa = PBXFileReference; lastKnownFileType = sourcecode.swift; path = Item.swift; sourceTree = "<group>"; };
		85F811772BA4A16C00AA07B6 /* Assets.xcassets */ = {isa = PBXFileReference; lastKnownFileType = folder.assetcatalog; path = Assets.xcassets; sourceTree = "<group>"; };
		85F8117A2BA4A16C00AA07B6 /* Preview Assets.xcassets */ = {isa = PBXFileReference; lastKnownFileType = folder.assetcatalog; path = "Preview Assets.xcassets"; sourceTree = "<group>"; };
		85F811842BA4A1A100AA07B6 /* WalletService.swift */ = {isa = PBXFileReference; lastKnownFileType = sourcecode.swift; path = WalletService.swift; sourceTree = "<group>"; };
		85F811862BA4A1BF00AA07B6 /* AuthView.swift */ = {isa = PBXFileReference; lastKnownFileType = sourcecode.swift; path = AuthView.swift; sourceTree = "<group>"; };
		85F8118E2BA4A42B00AA07B6 /* extra.swift */ = {isa = PBXFileReference; lastKnownFileType = sourcecode.swift; path = extra.swift; sourceTree = "<group>"; };
		85F8119A2BA4AF9800AA07B6 /* AuthViewModel.swift */ = {isa = PBXFileReference; lastKnownFileType = sourcecode.swift; path = AuthViewModel.swift; sourceTree = "<group>"; };
		85F8119C2BA4B43E00AA07B6 /* Confidate-App-Info.plist */ = {isa = PBXFileReference; lastKnownFileType = text.plist; path = "Confidate-App-Info.plist"; sourceTree = SOURCE_ROOT; };
		85F811A02BA4BB1900AA07B6 /* MainView.swift */ = {isa = PBXFileReference; lastKnownFileType = sourcecode.swift; path = MainView.swift; sourceTree = "<group>"; };
		85F811A22BA4BB2300AA07B6 /* MainViewModel.swift */ = {isa = PBXFileReference; lastKnownFileType = sourcecode.swift; path = MainViewModel.swift; sourceTree = "<group>"; };
		85F811A42BA4BBB400AA07B6 /* DefaultSocketFactory.swift */ = {isa = PBXFileReference; lastKnownFileType = sourcecode.swift; path = DefaultSocketFactory.swift; sourceTree = "<group>"; };
		85F811A82BA4C37000AA07B6 /* DaoDetailsView.swift */ = {isa = PBXFileReference; lastKnownFileType = sourcecode.swift; path = DaoDetailsView.swift; sourceTree = "<group>"; };
		85F811AA2BA4C37C00AA07B6 /* DaoDetailsViewModel.swift */ = {isa = PBXFileReference; lastKnownFileType = sourcecode.swift; path = DaoDetailsViewModel.swift; sourceTree = "<group>"; };
		85F811AD2BA4C3B900AA07B6 /* DaoItem.swift */ = {isa = PBXFileReference; lastKnownFileType = sourcecode.swift; path = DaoItem.swift; sourceTree = "<group>"; };
		85F811B02BA4CB7000AA07B6 /* UINavigationController+removeBackButtonTitle.swift */ = {isa = PBXFileReference; lastKnownFileType = sourcecode.swift; path = "UINavigationController+removeBackButtonTitle.swift"; sourceTree = "<group>"; };
		85F811B32BA4D84700AA07B6 /* ProposalView.swift */ = {isa = PBXFileReference; lastKnownFileType = sourcecode.swift; path = ProposalView.swift; sourceTree = "<group>"; };
		85F811B52BA4D85100AA07B6 /* ProposalViewModel.swift */ = {isa = PBXFileReference; lastKnownFileType = sourcecode.swift; path = ProposalViewModel.swift; sourceTree = "<group>"; };
		85F811B72BA4D89000AA07B6 /* Proposal.swift */ = {isa = PBXFileReference; lastKnownFileType = sourcecode.swift; path = Proposal.swift; sourceTree = "<group>"; };
		85F811B92BA4DA1700AA07B6 /* String+mocks.swift */ = {isa = PBXFileReference; lastKnownFileType = sourcecode.swift; path = "String+mocks.swift"; sourceTree = "<group>"; };
		85F811C22BA4E61F00AA07B6 /* View+skeletonCell.swift */ = {isa = PBXFileReference; lastKnownFileType = sourcecode.swift; path = "View+skeletonCell.swift"; sourceTree = "<group>"; };
		85F811C42BA4E71C00AA07B6 /* DelegatorView.swift */ = {isa = PBXFileReference; lastKnownFileType = sourcecode.swift; path = DelegatorView.swift; sourceTree = "<group>"; };
		85F811C62BA4E74900AA07B6 /* DelegatorViewModel.swift */ = {isa = PBXFileReference; lastKnownFileType = sourcecode.swift; path = DelegatorViewModel.swift; sourceTree = "<group>"; };
		85F811C82BA4E86600AA07B6 /* Delegator.swift */ = {isa = PBXFileReference; lastKnownFileType = sourcecode.swift; path = Delegator.swift; sourceTree = "<group>"; };
		85F811CC2BA4FA8000AA07B6 /* DaoDetails.swift */ = {isa = PBXFileReference; lastKnownFileType = sourcecode.swift; path = DaoDetails.swift; sourceTree = "<group>"; };
		85F811CE2BA4FC5800AA07B6 /* SkeletonWrapped.swift */ = {isa = PBXFileReference; lastKnownFileType = sourcecode.swift; path = SkeletonWrapped.swift; sourceTree = "<group>"; };
		85F811D12BA518E900AA07B6 /* RootTabView.swift */ = {isa = PBXFileReference; lastKnownFileType = sourcecode.swift; path = RootTabView.swift; sourceTree = "<group>"; };
		85F811D62BA5214000AA07B6 /* schema.graphqls */ = {isa = PBXFileReference; fileEncoding = 4; lastKnownFileType = text; path = schema.graphqls; sourceTree = "<group>"; };
		85F811D82BA5249E00AA07B6 /* GetProposalsQuery.graphql.swift */ = {isa = PBXFileReference; fileEncoding = 4; lastKnownFileType = sourcecode.swift; path = GetProposalsQuery.graphql.swift; sourceTree = "<group>"; };
		85F811DB2BA5249E00AA07B6 /* Any.swift */ = {isa = PBXFileReference; fileEncoding = 4; lastKnownFileType = sourcecode.swift; path = Any.swift; sourceTree = "<group>"; };
		85F811DD2BA5249E00AA07B6 /* Proposal.graphql.swift */ = {isa = PBXFileReference; fileEncoding = 4; lastKnownFileType = sourcecode.swift; path = Proposal.graphql.swift; sourceTree = "<group>"; };
		85F811DE2BA5249E00AA07B6 /* Query.graphql.swift */ = {isa = PBXFileReference; fileEncoding = 4; lastKnownFileType = sourcecode.swift; path = Query.graphql.swift; sourceTree = "<group>"; };
		85F811E12BA5249E00AA07B6 /* SchemaConfiguration.swift */ = {isa = PBXFileReference; fileEncoding = 4; lastKnownFileType = sourcecode.swift; path = SchemaConfiguration.swift; sourceTree = "<group>"; };
		85F811E22BA5249E00AA07B6 /* SchemaMetadata.graphql.swift */ = {isa = PBXFileReference; fileEncoding = 4; lastKnownFileType = sourcecode.swift; path = SchemaMetadata.graphql.swift; sourceTree = "<group>"; };
		85F811E42BA5249E00AA07B6 /* SnapshotSchema.graphql.swift */ = {isa = PBXFileReference; fileEncoding = 4; lastKnownFileType = sourcecode.swift; path = SnapshotSchema.graphql.swift; sourceTree = "<group>"; };
		85F811EE2BA524C700AA07B6 /* ApolloService.swift */ = {isa = PBXFileReference; lastKnownFileType = sourcecode.swift; path = ApolloService.swift; sourceTree = "<group>"; };
		85F811F32BA5A9A300AA07B6 /* UISegmentedControl++.swift */ = {isa = PBXFileReference; lastKnownFileType = sourcecode.swift; path = "UISegmentedControl++.swift"; sourceTree = "<group>"; };
		85F811F92BA5BE1200AA07B6 /* Example.xcframework */ = {isa = PBXFileReference; lastKnownFileType = wrapper.xcframework; name = Example.xcframework; path = "../rust/maci-crypto-rust/Example.xcframework"; sourceTree = "<group>"; };
/* End PBXFileReference section */

/* Begin PBXFrameworksBuildPhase section */
		85F8116B2BA4A16A00AA07B6 /* Frameworks */ = {
			isa = PBXFrameworksBuildPhase;
			buildActionMask = 2147483647;
			files = (
				85F8118A2BA4A2FB00AA07B6 /* Web3Modal in Frameworks */,
				85F811952BA4A4CE00AA07B6 /* Web3 in Frameworks */,
				85F8118C2BA4A2FB00AA07B6 /* Web3ModalUI in Frameworks */,
				85F811F72BA5AE5F00AA07B6 /* MarkdownUI in Frameworks */,
				85F811922BA4A49D00AA07B6 /* Starscream in Frameworks */,
				85F811C12BA4E03100AA07B6 /* SkeletonUI in Frameworks */,
				60E2D2432BA6C553008C953A /* Example.xcframework in Frameworks */,
				8551A25C2BA5DF6E00CA5FA9 /* ButtonKit in Frameworks */,
				85F811D52BA5202500AA07B6 /* Apollo in Frameworks */,
				85F811992BA4A4CE00AA07B6 /* Web3PromiseKit in Frameworks */,
				85F811972BA4A4CE00AA07B6 /* Web3ContractABI in Frameworks */,
			);
			runOnlyForDeploymentPostprocessing = 0;
		};
/* End PBXFrameworksBuildPhase section */

/* Begin PBXGroup section */
		8551A2572BA5DE6C00CA5FA9 /* Views */ = {
			isa = PBXGroup;
			children = (
				8551A2582BA5DE7200CA5FA9 /* AsyncButton.swift */,
			);
			path = Views;
			sourceTree = "<group>";
		};
		85F811652BA4A16A00AA07B6 = {
			isa = PBXGroup;
			children = (
				60E2D2462BA6C79F008C953A /* Keys.swift */,
				8551A25D2BA5E23800CA5FA9 /* BERTEmbedder.mlmodel */,
				85F811FD2BA5BE2F00AA07B6 /* Lib */,
				85F811702BA4A16A00AA07B6 /* Confidate App */,
				85F8116F2BA4A16A00AA07B6 /* Products */,
				85F811F82BA5BE1200AA07B6 /* Frameworks */,
			);
			sourceTree = "<group>";
		};
		85F8116F2BA4A16A00AA07B6 /* Products */ = {
			isa = PBXGroup;
			children = (
				85F8116E2BA4A16A00AA07B6 /* Confidate App.app */,
			);
			name = Products;
			sourceTree = "<group>";
		};
		85F811702BA4A16A00AA07B6 /* Confidate App */ = {
			isa = PBXGroup;
			children = (
				8551A2572BA5DE6C00CA5FA9 /* Views */,
				85F811E52BA5249E00AA07B6 /* SnapshotSchema */,
				85F811D62BA5214000AA07B6 /* schema.graphqls */,
				85F811AF2BA4CB5E00AA07B6 /* Extensions */,
				85F811AC2BA4C3AE00AA07B6 /* Models */,
				85F8119C2BA4B43E00AA07B6 /* Confidate-App-Info.plist */,
				85F8118D2BA4A42500AA07B6 /* Common */,
				85F811822BA4A18200AA07B6 /* Screens */,
				85F811812BA4A17E00AA07B6 /* Services */,
				85F811712BA4A16A00AA07B6 /* ConfidateApp.swift */,
				85F811732BA4A16A00AA07B6 /* ContentView.swift */,
				85F811752BA4A16A00AA07B6 /* Item.swift */,
				85F811772BA4A16C00AA07B6 /* Assets.xcassets */,
				85F811792BA4A16C00AA07B6 /* Preview Content */,
			);
			path = "Confidate App";
			sourceTree = "<group>";
		};
		85F811792BA4A16C00AA07B6 /* Preview Content */ = {
			isa = PBXGroup;
			children = (
				85F8117A2BA4A16C00AA07B6 /* Preview Assets.xcassets */,
			);
			path = "Preview Content";
			sourceTree = "<group>";
		};
		85F811812BA4A17E00AA07B6 /* Services */ = {
			isa = PBXGroup;
			children = (
				85F811842BA4A1A100AA07B6 /* WalletService.swift */,
				85F811EE2BA524C700AA07B6 /* ApolloService.swift */,
				8551A2552BA5DA8A00CA5FA9 /* DelegatorService.swift */,
				8551A25F2BA5E24A00CA5FA9 /* UserEmbedder.swift */,
				8551A2612BA5E27200CA5FA9 /* BertTokenizer.swift */,
				8551A2682BA5EF5D00CA5FA9 /* DaoAuthService.swift */,
				8551A26D2BA61E9800CA5FA9 /* BlockchainService.swift */,
			);
			path = Services;
			sourceTree = "<group>";
		};
		85F811822BA4A18200AA07B6 /* Screens */ = {
			isa = PBXGroup;
			children = (
				85F811BE2BA4DEB200AA07B6 /* Delegator */,
				85F811B22BA4D83D00AA07B6 /* Proposal */,
				85F811A62BA4C31300AA07B6 /* DaoDetails */,
				85F8119F2BA4BAEC00AA07B6 /* Main */,
				85F811832BA4A19000AA07B6 /* Auth */,
				85F811D12BA518E900AA07B6 /* RootTabView.swift */,
			);
			path = Screens;
			sourceTree = "<group>";
		};
		85F811832BA4A19000AA07B6 /* Auth */ = {
			isa = PBXGroup;
			children = (
				85F811862BA4A1BF00AA07B6 /* AuthView.swift */,
				85F8119A2BA4AF9800AA07B6 /* AuthViewModel.swift */,
			);
			path = Auth;
			sourceTree = "<group>";
		};
		85F8118D2BA4A42500AA07B6 /* Common */ = {
			isa = PBXGroup;
			children = (
				85F8118E2BA4A42B00AA07B6 /* extra.swift */,
				85F811A42BA4BBB400AA07B6 /* DefaultSocketFactory.swift */,
				85F811CE2BA4FC5800AA07B6 /* SkeletonWrapped.swift */,
				8551A2652BA5E3B000CA5FA9 /* Utils.swift */,
				8551A26F2BA6556C00CA5FA9 /* hexString.swift */,
			);
			path = Common;
			sourceTree = "<group>";
		};
		85F8119F2BA4BAEC00AA07B6 /* Main */ = {
			isa = PBXGroup;
			children = (
				85F811A02BA4BB1900AA07B6 /* MainView.swift */,
				85F811A22BA4BB2300AA07B6 /* MainViewModel.swift */,
			);
			path = Main;
			sourceTree = "<group>";
		};
		85F811A62BA4C31300AA07B6 /* DaoDetails */ = {
			isa = PBXGroup;
			children = (
				85F811A82BA4C37000AA07B6 /* DaoDetailsView.swift */,
				85F811AA2BA4C37C00AA07B6 /* DaoDetailsViewModel.swift */,
			);
			path = DaoDetails;
			sourceTree = "<group>";
		};
		85F811AC2BA4C3AE00AA07B6 /* Models */ = {
			isa = PBXGroup;
			children = (
				8551A2732BA6695500CA5FA9 /* pollABI.json */,
				8551A2712BA65AAC00CA5FA9 /* maciABI.json */,
				8551A2632BA5E2D000CA5FA9 /* vocab.txt */,
				85F811AD2BA4C3B900AA07B6 /* DaoItem.swift */,
				85F811B72BA4D89000AA07B6 /* Proposal.swift */,
				85F811C82BA4E86600AA07B6 /* Delegator.swift */,
				85F811CC2BA4FA8000AA07B6 /* DaoDetails.swift */,
			);
			path = Models;
			sourceTree = "<group>";
		};
		85F811AF2BA4CB5E00AA07B6 /* Extensions */ = {
			isa = PBXGroup;
			children = (
				85F811B02BA4CB7000AA07B6 /* UINavigationController+removeBackButtonTitle.swift */,
				85F811B92BA4DA1700AA07B6 /* String+mocks.swift */,
				85F811C22BA4E61F00AA07B6 /* View+skeletonCell.swift */,
				85F811F32BA5A9A300AA07B6 /* UISegmentedControl++.swift */,
			);
			path = Extensions;
			sourceTree = "<group>";
		};
		85F811B22BA4D83D00AA07B6 /* Proposal */ = {
			isa = PBXGroup;
			children = (
				85F811B32BA4D84700AA07B6 /* ProposalView.swift */,
				85F811B52BA4D85100AA07B6 /* ProposalViewModel.swift */,
			);
			path = Proposal;
			sourceTree = "<group>";
		};
		85F811BE2BA4DEB200AA07B6 /* Delegator */ = {
			isa = PBXGroup;
			children = (
				85F811C42BA4E71C00AA07B6 /* DelegatorView.swift */,
				85F811C62BA4E74900AA07B6 /* DelegatorViewModel.swift */,
			);
			path = Delegator;
			sourceTree = "<group>";
		};
		85F811D92BA5249E00AA07B6 /* Queries */ = {
			isa = PBXGroup;
			children = (
				85F811D82BA5249E00AA07B6 /* GetProposalsQuery.graphql.swift */,
			);
			path = Queries;
			sourceTree = "<group>";
		};
		85F811DA2BA5249E00AA07B6 /* Operations */ = {
			isa = PBXGroup;
			children = (
				85F811D92BA5249E00AA07B6 /* Queries */,
			);
			path = Operations;
			sourceTree = "<group>";
		};
		85F811DC2BA5249E00AA07B6 /* CustomScalars */ = {
			isa = PBXGroup;
			children = (
				85F811DB2BA5249E00AA07B6 /* Any.swift */,
			);
			path = CustomScalars;
			sourceTree = "<group>";
		};
		85F811E02BA5249E00AA07B6 /* Objects */ = {
			isa = PBXGroup;
			children = (
				85F811DD2BA5249E00AA07B6 /* Proposal.graphql.swift */,
				85F811DE2BA5249E00AA07B6 /* Query.graphql.swift */,
			);
			path = Objects;
			sourceTree = "<group>";
		};
		85F811E32BA5249E00AA07B6 /* Schema */ = {
			isa = PBXGroup;
			children = (
				85F811DC2BA5249E00AA07B6 /* CustomScalars */,
				85F811E02BA5249E00AA07B6 /* Objects */,
				85F811E12BA5249E00AA07B6 /* SchemaConfiguration.swift */,
				85F811E22BA5249E00AA07B6 /* SchemaMetadata.graphql.swift */,
			);
			path = Schema;
			sourceTree = "<group>";
		};
		85F811E52BA5249E00AA07B6 /* SnapshotSchema */ = {
			isa = PBXGroup;
			children = (
				85F811DA2BA5249E00AA07B6 /* Operations */,
				85F811E32BA5249E00AA07B6 /* Schema */,
				85F811E42BA5249E00AA07B6 /* SnapshotSchema.graphql.swift */,
			);
			path = SnapshotSchema;
			sourceTree = SOURCE_ROOT;
		};
		85F811F82BA5BE1200AA07B6 /* Frameworks */ = {
			isa = PBXGroup;
			children = (
				60E2D2422BA6C553008C953A /* Example.xcframework */,
				85F811F92BA5BE1200AA07B6 /* Example.xcframework */,
			);
			name = Frameworks;
			sourceTree = "<group>";
		};
		85F811FD2BA5BE2F00AA07B6 /* Lib */ = {
			isa = PBXGroup;
			children = (
				8551A24D2BA5C62100CA5FA9 /* ExampleLib.swift */,
			);
			path = Lib;
			sourceTree = "<group>";
		};
/* End PBXGroup section */

/* Begin PBXNativeTarget section */
		85F8116D2BA4A16A00AA07B6 /* Confidate App */ = {
			isa = PBXNativeTarget;
			buildConfigurationList = 85F8117E2BA4A16C00AA07B6 /* Build configuration list for PBXNativeTarget "Confidate App" */;
			buildPhases = (
				85F811FE2BA5BE3D00AA07B6 /* ShellScript */,
				85F8116A2BA4A16A00AA07B6 /* Sources */,
				85F8116B2BA4A16A00AA07B6 /* Frameworks */,
				85F8116C2BA4A16A00AA07B6 /* Resources */,
			);
			buildRules = (
			);
			dependencies = (
			);
			name = "Confidate App";
			packageProductDependencies = (
				85F811892BA4A2FB00AA07B6 /* Web3Modal */,
				85F8118B2BA4A2FB00AA07B6 /* Web3ModalUI */,
				85F811912BA4A49D00AA07B6 /* Starscream */,
				85F811942BA4A4CE00AA07B6 /* Web3 */,
				85F811962BA4A4CE00AA07B6 /* Web3ContractABI */,
				85F811982BA4A4CE00AA07B6 /* Web3PromiseKit */,
				85F811C02BA4E03100AA07B6 /* SkeletonUI */,
				85F811D42BA5202500AA07B6 /* Apollo */,
				85F811F62BA5AE5F00AA07B6 /* MarkdownUI */,
				8551A25B2BA5DF6E00CA5FA9 /* ButtonKit */,
			);
			productName = "Confidate App";
			productReference = 85F8116E2BA4A16A00AA07B6 /* Confidate App.app */;
			productType = "com.apple.product-type.application";
		};
/* End PBXNativeTarget section */

/* Begin PBXProject section */
		85F811662BA4A16A00AA07B6 /* Project object */ = {
			isa = PBXProject;
			attributes = {
				BuildIndependentTargetsInParallel = 1;
				LastSwiftUpdateCheck = 1530;
				LastUpgradeCheck = 1530;
				TargetAttributes = {
					85F8116D2BA4A16A00AA07B6 = {
						CreatedOnToolsVersion = 15.3;
					};
				};
			};
			buildConfigurationList = 85F811692BA4A16A00AA07B6 /* Build configuration list for PBXProject "Confidate App" */;
			compatibilityVersion = "Xcode 14.0";
			developmentRegion = en;
			hasScannedForEncodings = 0;
			knownRegions = (
				en,
				Base,
			);
			mainGroup = 85F811652BA4A16A00AA07B6;
			packageReferences = (
				85F811882BA4A2FB00AA07B6 /* XCRemoteSwiftPackageReference "web3modal-swift" */,
				85F811902BA4A49D00AA07B6 /* XCRemoteSwiftPackageReference "Starscream" */,
				85F811932BA4A4CE00AA07B6 /* XCRemoteSwiftPackageReference "Web3" */,
				85F811BF2BA4E03100AA07B6 /* XCRemoteSwiftPackageReference "SkeletonUI" */,
				85F811D32BA5202500AA07B6 /* XCRemoteSwiftPackageReference "apollo-ios" */,
				85F811F52BA5AE5F00AA07B6 /* XCRemoteSwiftPackageReference "swift-markdown-ui" */,
				8551A25A2BA5DF6E00CA5FA9 /* XCRemoteSwiftPackageReference "ButtonKit" */,
			);
			productRefGroup = 85F8116F2BA4A16A00AA07B6 /* Products */;
			projectDirPath = "";
			projectRoot = "";
			targets = (
				85F8116D2BA4A16A00AA07B6 /* Confidate App */,
			);
		};
/* End PBXProject section */

/* Begin PBXResourcesBuildPhase section */
		85F8116C2BA4A16A00AA07B6 /* Resources */ = {
			isa = PBXResourcesBuildPhase;
			buildActionMask = 2147483647;
			files = (
				85F8117B2BA4A16C00AA07B6 /* Preview Assets.xcassets in Resources */,
				85F811D72BA5214000AA07B6 /* schema.graphqls in Resources */,
				8551A2642BA5E2D000CA5FA9 /* vocab.txt in Resources */,
				8551A2742BA6695500CA5FA9 /* pollABI.json in Resources */,
				8551A2722BA65AAC00CA5FA9 /* maciABI.json in Resources */,
				85F811782BA4A16C00AA07B6 /* Assets.xcassets in Resources */,
			);
			runOnlyForDeploymentPostprocessing = 0;
		};
/* End PBXResourcesBuildPhase section */

/* Begin PBXShellScriptBuildPhase section */
		85F811FE2BA5BE3D00AA07B6 /* ShellScript */ = {
			isa = PBXShellScriptBuildPhase;
			alwaysOutOfDate = 1;
			buildActionMask = 12;
			files = (
			);
			inputFileListPaths = (
			);
			inputPaths = (
			);
			outputFileListPaths = (
			);
			outputPaths = (
			);
			runOnlyForDeploymentPostprocessing = 0;
			shellPath = /bin/zsh;
			shellScript = "
";
		};
/* End PBXShellScriptBuildPhase section */

/* Begin PBXSourcesBuildPhase section */
		85F8116A2BA4A16A00AA07B6 /* Sources */ = {
			isa = PBXSourcesBuildPhase;
			buildActionMask = 2147483647;
			files = (
				85F811852BA4A1A100AA07B6 /* WalletService.swift in Sources */,
				85F811B12BA4CB7000AA07B6 /* UINavigationController+removeBackButtonTitle.swift in Sources */,
				85F811AE2BA4C3B900AA07B6 /* DaoItem.swift in Sources */,
				85F811A52BA4BBB400AA07B6 /* DefaultSocketFactory.swift in Sources */,
				85F811A32BA4BB2300AA07B6 /* MainViewModel.swift in Sources */,
				85F811A92BA4C37000AA07B6 /* DaoDetailsView.swift in Sources */,
				8551A24E2BA5C62100CA5FA9 /* ExampleLib.swift in Sources */,
				85F811EF2BA524C700AA07B6 /* ApolloService.swift in Sources */,
				85F811ED2BA5249E00AA07B6 /* SnapshotSchema.graphql.swift in Sources */,
				85F811EC2BA5249E00AA07B6 /* SchemaMetadata.graphql.swift in Sources */,
				8551A2702BA6556C00CA5FA9 /* hexString.swift in Sources */,
				8551A26E2BA61E9800CA5FA9 /* BlockchainService.swift in Sources */,
				85F811872BA4A1BF00AA07B6 /* AuthView.swift in Sources */,
				85F811D22BA518E900AA07B6 /* RootTabView.swift in Sources */,
				85F8118F2BA4A42B00AA07B6 /* extra.swift in Sources */,
				85F811E72BA5249E00AA07B6 /* Any.swift in Sources */,
				85F811E82BA5249E00AA07B6 /* Proposal.graphql.swift in Sources */,
				8551A2662BA5E3B000CA5FA9 /* Utils.swift in Sources */,
				8551A2692BA5EF5D00CA5FA9 /* DaoAuthService.swift in Sources */,
				85F811C72BA4E74900AA07B6 /* DelegatorViewModel.swift in Sources */,
				8551A2602BA5E24A00CA5FA9 /* UserEmbedder.swift in Sources */,
				85F811C52BA4E71C00AA07B6 /* DelegatorView.swift in Sources */,
				85F811BA2BA4DA1700AA07B6 /* String+mocks.swift in Sources */,
				85F811EB2BA5249E00AA07B6 /* SchemaConfiguration.swift in Sources */,
				85F811CF2BA4FC5800AA07B6 /* SkeletonWrapped.swift in Sources */,
				85F811A12BA4BB1900AA07B6 /* MainView.swift in Sources */,
				85F811CD2BA4FA8000AA07B6 /* DaoDetails.swift in Sources */,
				8551A2592BA5DE7200CA5FA9 /* AsyncButton.swift in Sources */,
				85F8119B2BA4AF9800AA07B6 /* AuthViewModel.swift in Sources */,
				85F811F42BA5A9A300AA07B6 /* UISegmentedControl++.swift in Sources */,
				85F811B42BA4D84700AA07B6 /* ProposalView.swift in Sources */,
				85F811742BA4A16A00AA07B6 /* ContentView.swift in Sources */,
				85F811762BA4A16A00AA07B6 /* Item.swift in Sources */,
				85F811B82BA4D89000AA07B6 /* Proposal.swift in Sources */,
				60E2D2472BA6C79F008C953A /* Keys.swift in Sources */,
				8551A25E2BA5E23800CA5FA9 /* BERTEmbedder.mlmodel in Sources */,
				85F811E62BA5249E00AA07B6 /* GetProposalsQuery.graphql.swift in Sources */,
				85F811C92BA4E86600AA07B6 /* Delegator.swift in Sources */,
				85F811AB2BA4C37C00AA07B6 /* DaoDetailsViewModel.swift in Sources */,
				85F811B62BA4D85100AA07B6 /* ProposalViewModel.swift in Sources */,
				85F811C32BA4E61F00AA07B6 /* View+skeletonCell.swift in Sources */,
				8551A2562BA5DA8A00CA5FA9 /* DelegatorService.swift in Sources */,
				85F811722BA4A16A00AA07B6 /* ConfidateApp.swift in Sources */,
				8551A2622BA5E27200CA5FA9 /* BertTokenizer.swift in Sources */,
				85F811E92BA5249E00AA07B6 /* Query.graphql.swift in Sources */,
			);
			runOnlyForDeploymentPostprocessing = 0;
		};
/* End PBXSourcesBuildPhase section */

/* Begin XCBuildConfiguration section */
		85F8117C2BA4A16C00AA07B6 /* Debug */ = {
			isa = XCBuildConfiguration;
			buildSettings = {
				ALWAYS_SEARCH_USER_PATHS = NO;
				ASSETCATALOG_COMPILER_GENERATE_SWIFT_ASSET_SYMBOL_EXTENSIONS = YES;
				CLANG_ANALYZER_NONNULL = YES;
				CLANG_ANALYZER_NUMBER_OBJECT_CONVERSION = YES_AGGRESSIVE;
				CLANG_CXX_LANGUAGE_STANDARD = "gnu++20";
				CLANG_ENABLE_MODULES = YES;
				CLANG_ENABLE_OBJC_ARC = YES;
				CLANG_ENABLE_OBJC_WEAK = YES;
				CLANG_WARN_BLOCK_CAPTURE_AUTORELEASING = YES;
				CLANG_WARN_BOOL_CONVERSION = YES;
				CLANG_WARN_COMMA = YES;
				CLANG_WARN_CONSTANT_CONVERSION = YES;
				CLANG_WARN_DEPRECATED_OBJC_IMPLEMENTATIONS = YES;
				CLANG_WARN_DIRECT_OBJC_ISA_USAGE = YES_ERROR;
				CLANG_WARN_DOCUMENTATION_COMMENTS = YES;
				CLANG_WARN_EMPTY_BODY = YES;
				CLANG_WARN_ENUM_CONVERSION = YES;
				CLANG_WARN_INFINITE_RECURSION = YES;
				CLANG_WARN_INT_CONVERSION = YES;
				CLANG_WARN_NON_LITERAL_NULL_CONVERSION = YES;
				CLANG_WARN_OBJC_IMPLICIT_RETAIN_SELF = YES;
				CLANG_WARN_OBJC_LITERAL_CONVERSION = YES;
				CLANG_WARN_OBJC_ROOT_CLASS = YES_ERROR;
				CLANG_WARN_QUOTED_INCLUDE_IN_FRAMEWORK_HEADER = YES;
				CLANG_WARN_RANGE_LOOP_ANALYSIS = YES;
				CLANG_WARN_STRICT_PROTOTYPES = YES;
				CLANG_WARN_SUSPICIOUS_MOVE = YES;
				CLANG_WARN_UNGUARDED_AVAILABILITY = YES_AGGRESSIVE;
				CLANG_WARN_UNREACHABLE_CODE = YES;
				CLANG_WARN__DUPLICATE_METHOD_MATCH = YES;
				COPY_PHASE_STRIP = NO;
				DEBUG_INFORMATION_FORMAT = dwarf;
				ENABLE_STRICT_OBJC_MSGSEND = YES;
				ENABLE_TESTABILITY = YES;
				ENABLE_USER_SCRIPT_SANDBOXING = YES;
				GCC_C_LANGUAGE_STANDARD = gnu17;
				GCC_DYNAMIC_NO_PIC = NO;
				GCC_NO_COMMON_BLOCKS = YES;
				GCC_OPTIMIZATION_LEVEL = 0;
				GCC_PREPROCESSOR_DEFINITIONS = (
					"DEBUG=1",
					"$(inherited)",
				);
				GCC_WARN_64_TO_32_BIT_CONVERSION = YES;
				GCC_WARN_ABOUT_RETURN_TYPE = YES_ERROR;
				GCC_WARN_UNDECLARED_SELECTOR = YES;
				GCC_WARN_UNINITIALIZED_AUTOS = YES_AGGRESSIVE;
				GCC_WARN_UNUSED_FUNCTION = YES;
				GCC_WARN_UNUSED_VARIABLE = YES;
				IPHONEOS_DEPLOYMENT_TARGET = 17.4;
				LOCALIZATION_PREFERS_STRING_CATALOGS = YES;
				MTL_ENABLE_DEBUG_INFO = INCLUDE_SOURCE;
				MTL_FAST_MATH = YES;
				ONLY_ACTIVE_ARCH = YES;
				SDKROOT = iphoneos;
				SWIFT_ACTIVE_COMPILATION_CONDITIONS = "DEBUG $(inherited)";
				SWIFT_OPTIMIZATION_LEVEL = "-Onone";
			};
			name = Debug;
		};
		85F8117D2BA4A16C00AA07B6 /* Release */ = {
			isa = XCBuildConfiguration;
			buildSettings = {
				ALWAYS_SEARCH_USER_PATHS = NO;
				ASSETCATALOG_COMPILER_GENERATE_SWIFT_ASSET_SYMBOL_EXTENSIONS = YES;
				CLANG_ANALYZER_NONNULL = YES;
				CLANG_ANALYZER_NUMBER_OBJECT_CONVERSION = YES_AGGRESSIVE;
				CLANG_CXX_LANGUAGE_STANDARD = "gnu++20";
				CLANG_ENABLE_MODULES = YES;
				CLANG_ENABLE_OBJC_ARC = YES;
				CLANG_ENABLE_OBJC_WEAK = YES;
				CLANG_WARN_BLOCK_CAPTURE_AUTORELEASING = YES;
				CLANG_WARN_BOOL_CONVERSION = YES;
				CLANG_WARN_COMMA = YES;
				CLANG_WARN_CONSTANT_CONVERSION = YES;
				CLANG_WARN_DEPRECATED_OBJC_IMPLEMENTATIONS = YES;
				CLANG_WARN_DIRECT_OBJC_ISA_USAGE = YES_ERROR;
				CLANG_WARN_DOCUMENTATION_COMMENTS = YES;
				CLANG_WARN_EMPTY_BODY = YES;
				CLANG_WARN_ENUM_CONVERSION = YES;
				CLANG_WARN_INFINITE_RECURSION = YES;
				CLANG_WARN_INT_CONVERSION = YES;
				CLANG_WARN_NON_LITERAL_NULL_CONVERSION = YES;
				CLANG_WARN_OBJC_IMPLICIT_RETAIN_SELF = YES;
				CLANG_WARN_OBJC_LITERAL_CONVERSION = YES;
				CLANG_WARN_OBJC_ROOT_CLASS = YES_ERROR;
				CLANG_WARN_QUOTED_INCLUDE_IN_FRAMEWORK_HEADER = YES;
				CLANG_WARN_RANGE_LOOP_ANALYSIS = YES;
				CLANG_WARN_STRICT_PROTOTYPES = YES;
				CLANG_WARN_SUSPICIOUS_MOVE = YES;
				CLANG_WARN_UNGUARDED_AVAILABILITY = YES_AGGRESSIVE;
				CLANG_WARN_UNREACHABLE_CODE = YES;
				CLANG_WARN__DUPLICATE_METHOD_MATCH = YES;
				COPY_PHASE_STRIP = NO;
				DEBUG_INFORMATION_FORMAT = "dwarf-with-dsym";
				ENABLE_NS_ASSERTIONS = NO;
				ENABLE_STRICT_OBJC_MSGSEND = YES;
				ENABLE_USER_SCRIPT_SANDBOXING = YES;
				GCC_C_LANGUAGE_STANDARD = gnu17;
				GCC_NO_COMMON_BLOCKS = YES;
				GCC_WARN_64_TO_32_BIT_CONVERSION = YES;
				GCC_WARN_ABOUT_RETURN_TYPE = YES_ERROR;
				GCC_WARN_UNDECLARED_SELECTOR = YES;
				GCC_WARN_UNINITIALIZED_AUTOS = YES_AGGRESSIVE;
				GCC_WARN_UNUSED_FUNCTION = YES;
				GCC_WARN_UNUSED_VARIABLE = YES;
				IPHONEOS_DEPLOYMENT_TARGET = 17.4;
				LOCALIZATION_PREFERS_STRING_CATALOGS = YES;
				MTL_ENABLE_DEBUG_INFO = NO;
				MTL_FAST_MATH = YES;
				SDKROOT = iphoneos;
				SWIFT_COMPILATION_MODE = wholemodule;
				VALIDATE_PRODUCT = YES;
			};
			name = Release;
		};
		85F8117F2BA4A16C00AA07B6 /* Debug */ = {
			isa = XCBuildConfiguration;
			buildSettings = {
				ASSETCATALOG_COMPILER_APPICON_NAME = AppIcon;
				ASSETCATALOG_COMPILER_GLOBAL_ACCENT_COLOR_NAME = AccentColor;
				CODE_SIGN_ENTITLEMENTS = "Confidate App/Confidate App.entitlements";
				CODE_SIGN_STYLE = Automatic;
				CURRENT_PROJECT_VERSION = 1;
				DEVELOPMENT_ASSET_PATHS = "\"Confidate App/Preview Content\"";
				DEVELOPMENT_TEAM = WAX2V9LJG6;
				ENABLE_PREVIEWS = YES;
				ENABLE_USER_SCRIPT_SANDBOXING = NO;
				GENERATE_INFOPLIST_FILE = YES;
				INFOPLIST_FILE = "Confidate-App-Info.plist";
				INFOPLIST_KEY_UIApplicationSceneManifest_Generation = YES;
				INFOPLIST_KEY_UIApplicationSupportsIndirectInputEvents = YES;
				INFOPLIST_KEY_UILaunchScreen_Generation = YES;
				INFOPLIST_KEY_UISupportedInterfaceOrientations_iPad = "UIInterfaceOrientationPortrait UIInterfaceOrientationPortraitUpsideDown UIInterfaceOrientationLandscapeLeft UIInterfaceOrientationLandscapeRight";
				INFOPLIST_KEY_UISupportedInterfaceOrientations_iPhone = "UIInterfaceOrientationPortrait UIInterfaceOrientationLandscapeLeft UIInterfaceOrientationLandscapeRight";
				LD_RUNPATH_SEARCH_PATHS = (
					"$(inherited)",
					"@executable_path/Frameworks",
				);
				MARKETING_VERSION = 1.0;
				PRODUCT_BUNDLE_IDENTIFIER = "com.confidate.Confidate-App";
				PRODUCT_NAME = "$(TARGET_NAME)";
				SUPPORTED_PLATFORMS = "iphoneos iphonesimulator";
				SUPPORTS_MACCATALYST = NO;
				SUPPORTS_MAC_DESIGNED_FOR_IPHONE_IPAD = NO;
				SUPPORTS_XR_DESIGNED_FOR_IPHONE_IPAD = NO;
				SWIFT_EMIT_LOC_STRINGS = YES;
				SWIFT_VERSION = 5.0;
				TARGETED_DEVICE_FAMILY = 1;
			};
			name = Debug;
		};
		85F811802BA4A16C00AA07B6 /* Release */ = {
			isa = XCBuildConfiguration;
			buildSettings = {
				ASSETCATALOG_COMPILER_APPICON_NAME = AppIcon;
				ASSETCATALOG_COMPILER_GLOBAL_ACCENT_COLOR_NAME = AccentColor;
				CODE_SIGN_ENTITLEMENTS = "Confidate App/Confidate App.entitlements";
				CODE_SIGN_STYLE = Automatic;
				CURRENT_PROJECT_VERSION = 1;
				DEVELOPMENT_ASSET_PATHS = "\"Confidate App/Preview Content\"";
				DEVELOPMENT_TEAM = WAX2V9LJG6;
				ENABLE_PREVIEWS = YES;
				ENABLE_USER_SCRIPT_SANDBOXING = NO;
				GENERATE_INFOPLIST_FILE = YES;
				INFOPLIST_FILE = "Confidate-App-Info.plist";
				INFOPLIST_KEY_UIApplicationSceneManifest_Generation = YES;
				INFOPLIST_KEY_UIApplicationSupportsIndirectInputEvents = YES;
				INFOPLIST_KEY_UILaunchScreen_Generation = YES;
				INFOPLIST_KEY_UISupportedInterfaceOrientations_iPad = "UIInterfaceOrientationPortrait UIInterfaceOrientationPortraitUpsideDown UIInterfaceOrientationLandscapeLeft UIInterfaceOrientationLandscapeRight";
				INFOPLIST_KEY_UISupportedInterfaceOrientations_iPhone = "UIInterfaceOrientationPortrait UIInterfaceOrientationLandscapeLeft UIInterfaceOrientationLandscapeRight";
				LD_RUNPATH_SEARCH_PATHS = (
					"$(inherited)",
					"@executable_path/Frameworks",
				);
				MARKETING_VERSION = 1.0;
				PRODUCT_BUNDLE_IDENTIFIER = "com.confidate.Confidate-App";
				PRODUCT_NAME = "$(TARGET_NAME)";
				SUPPORTED_PLATFORMS = "iphoneos iphonesimulator";
				SUPPORTS_MACCATALYST = NO;
				SUPPORTS_MAC_DESIGNED_FOR_IPHONE_IPAD = NO;
				SUPPORTS_XR_DESIGNED_FOR_IPHONE_IPAD = NO;
				SWIFT_EMIT_LOC_STRINGS = YES;
				SWIFT_VERSION = 5.0;
				TARGETED_DEVICE_FAMILY = 1;
			};
			name = Release;
		};
/* End XCBuildConfiguration section */

/* Begin XCConfigurationList section */
		85F811692BA4A16A00AA07B6 /* Build configuration list for PBXProject "Confidate App" */ = {
			isa = XCConfigurationList;
			buildConfigurations = (
				85F8117C2BA4A16C00AA07B6 /* Debug */,
				85F8117D2BA4A16C00AA07B6 /* Release */,
			);
			defaultConfigurationIsVisible = 0;
			defaultConfigurationName = Release;
		};
		85F8117E2BA4A16C00AA07B6 /* Build configuration list for PBXNativeTarget "Confidate App" */ = {
			isa = XCConfigurationList;
			buildConfigurations = (
				85F8117F2BA4A16C00AA07B6 /* Debug */,
				85F811802BA4A16C00AA07B6 /* Release */,
			);
			defaultConfigurationIsVisible = 0;
			defaultConfigurationName = Release;
		};
/* End XCConfigurationList section */

/* Begin XCRemoteSwiftPackageReference section */
		8551A25A2BA5DF6E00CA5FA9 /* XCRemoteSwiftPackageReference "ButtonKit" */ = {
			isa = XCRemoteSwiftPackageReference;
			repositoryURL = "https://github.com/Dean151/ButtonKit";
			requirement = {
				kind = upToNextMajorVersion;
				minimumVersion = 0.2.1;
			};
		};
		85F811882BA4A2FB00AA07B6 /* XCRemoteSwiftPackageReference "web3modal-swift" */ = {
			isa = XCRemoteSwiftPackageReference;
			repositoryURL = "https://github.com/Confidate/web3modal-swift";
			requirement = {
				branch = develop;
				kind = branch;
			};
		};
		85F811902BA4A49D00AA07B6 /* XCRemoteSwiftPackageReference "Starscream" */ = {
			isa = XCRemoteSwiftPackageReference;
			repositoryURL = "https://github.com/daltoniam/Starscream";
			requirement = {
				kind = exactVersion;
				version = 3.1.2;
			};
		};
		85F811932BA4A4CE00AA07B6 /* XCRemoteSwiftPackageReference "Web3" */ = {
			isa = XCRemoteSwiftPackageReference;
			repositoryURL = "https://github.com/Boilertalk/Web3.swift";
			requirement = {
				kind = upToNextMajorVersion;
				minimumVersion = 0.8.7;
			};
		};
		85F811BF2BA4E03100AA07B6 /* XCRemoteSwiftPackageReference "SkeletonUI" */ = {
			isa = XCRemoteSwiftPackageReference;
			repositoryURL = "https://github.com/CSolanaM/SkeletonUI";
			requirement = {
				kind = upToNextMajorVersion;
				minimumVersion = 2.0.1;
			};
		};
		85F811D32BA5202500AA07B6 /* XCRemoteSwiftPackageReference "apollo-ios" */ = {
			isa = XCRemoteSwiftPackageReference;
			repositoryURL = "https://github.com/apollographql/apollo-ios.git";
			requirement = {
				kind = upToNextMajorVersion;
				minimumVersion = 1.9.2;
			};
		};
		85F811F52BA5AE5F00AA07B6 /* XCRemoteSwiftPackageReference "swift-markdown-ui" */ = {
			isa = XCRemoteSwiftPackageReference;
			repositoryURL = "https://github.com/gonzalezreal/swift-markdown-ui";
			requirement = {
				kind = upToNextMajorVersion;
				minimumVersion = 2.3.0;
			};
		};
/* End XCRemoteSwiftPackageReference section */

/* Begin XCSwiftPackageProductDependency section */
		8551A25B2BA5DF6E00CA5FA9 /* ButtonKit */ = {
			isa = XCSwiftPackageProductDependency;
			package = 8551A25A2BA5DF6E00CA5FA9 /* XCRemoteSwiftPackageReference "ButtonKit" */;
			productName = ButtonKit;
		};
		85F811892BA4A2FB00AA07B6 /* Web3Modal */ = {
			isa = XCSwiftPackageProductDependency;
			package = 85F811882BA4A2FB00AA07B6 /* XCRemoteSwiftPackageReference "web3modal-swift" */;
			productName = Web3Modal;
		};
		85F8118B2BA4A2FB00AA07B6 /* Web3ModalUI */ = {
			isa = XCSwiftPackageProductDependency;
			package = 85F811882BA4A2FB00AA07B6 /* XCRemoteSwiftPackageReference "web3modal-swift" */;
			productName = Web3ModalUI;
		};
		85F811912BA4A49D00AA07B6 /* Starscream */ = {
			isa = XCSwiftPackageProductDependency;
			package = 85F811902BA4A49D00AA07B6 /* XCRemoteSwiftPackageReference "Starscream" */;
			productName = Starscream;
		};
		85F811942BA4A4CE00AA07B6 /* Web3 */ = {
			isa = XCSwiftPackageProductDependency;
			package = 85F811932BA4A4CE00AA07B6 /* XCRemoteSwiftPackageReference "Web3" */;
			productName = Web3;
		};
		85F811962BA4A4CE00AA07B6 /* Web3ContractABI */ = {
			isa = XCSwiftPackageProductDependency;
			package = 85F811932BA4A4CE00AA07B6 /* XCRemoteSwiftPackageReference "Web3" */;
			productName = Web3ContractABI;
		};
		85F811982BA4A4CE00AA07B6 /* Web3PromiseKit */ = {
			isa = XCSwiftPackageProductDependency;
			package = 85F811932BA4A4CE00AA07B6 /* XCRemoteSwiftPackageReference "Web3" */;
			productName = Web3PromiseKit;
		};
		85F811C02BA4E03100AA07B6 /* SkeletonUI */ = {
			isa = XCSwiftPackageProductDependency;
			package = 85F811BF2BA4E03100AA07B6 /* XCRemoteSwiftPackageReference "SkeletonUI" */;
			productName = SkeletonUI;
		};
		85F811D42BA5202500AA07B6 /* Apollo */ = {
			isa = XCSwiftPackageProductDependency;
			package = 85F811D32BA5202500AA07B6 /* XCRemoteSwiftPackageReference "apollo-ios" */;
			productName = Apollo;
		};
		85F811F62BA5AE5F00AA07B6 /* MarkdownUI */ = {
			isa = XCSwiftPackageProductDependency;
			package = 85F811F52BA5AE5F00AA07B6 /* XCRemoteSwiftPackageReference "swift-markdown-ui" */;
			productName = MarkdownUI;
		};
/* End XCSwiftPackageProductDependency section */
	};
	rootObject = 85F811662BA4A16A00AA07B6 /* Project object */;
}
